
Microsoft Visual Studio Solution File, Format Version 12.00
# Visual Studio Version 16
VisualStudioVersion = 16.0.29306.81
MinimumVisualStudioVersion = 10.0.40219.1
Project("{9A19103F-16F7-4668-BE54-9A1E7A4F7556}") = "Sum.API", "Sum.API.csproj", "{49470073-C239-41C0-9695-096596636FF4}"
EndProject
Global
	GlobalSection(SolutionConfigurationPlatforms) = preSolution
		Debug|Any CPU = Debug|Any CPU
		Release|Any CPU = Release|Any CPU
	EndGlobalSection
	GlobalSection(ProjectConfigurationPlatforms) = postSolution
		{49470073-C239-41C0-9695-096596636FF4}.Debug|Any CPU.ActiveCfg = Debug|Any CPU
		{49470073-C239-41C0-9695-096596636FF4}.Debug|Any CPU.Build.0 = Debug|Any CPU
		{49470073-C239-41C0-9695-096596636FF4}.Release|Any CPU.ActiveCfg = Release|Any CPU
		{49470073-C239-41C0-9695-096596636FF4}.Release|Any CPU.Build.0 = Release|Any CPU
	EndGlobalSection
	GlobalSection(SolutionProperties) = preSolution
		HideSolutionNode = FALSE
	EndGlobalSection
	GlobalSection(ExtensibilityGlobals) = postSolution
		SolutionGuid = {8D1BFACA-2E9A-4E4E-B35A-753EFB1AF78D}
	EndGlobalSection
EndGlobal
